// !$*UTF8*$!
{
	archiveVersion = 1;
	classes = {
	};
	objectVersion = 50;
	objects = {

/* Begin PBXBuildFile section */
		369A169823CD6B2500C0AB15 /* AppDelegate.swift in Sources */ = {isa = PBXBuildFile; fileRef = 369A169723CD6B2500C0AB15 /* AppDelegate.swift */; };
		369A169A23CD6B2500C0AB15 /* SceneDelegate.swift in Sources */ = {isa = PBXBuildFile; fileRef = 369A169923CD6B2500C0AB15 /* SceneDelegate.swift */; };
		369A169D23CD6B2500C0AB15 /* flex.xcdatamodeld in Sources */ = {isa = PBXBuildFile; fileRef = 369A169B23CD6B2500C0AB15 /* flex.xcdatamodeld */; };
		369A169F23CD6B2500C0AB15 /* ContentView.swift in Sources */ = {isa = PBXBuildFile; fileRef = 369A169E23CD6B2500C0AB15 /* ContentView.swift */; };
		369A16A123CD6B2A00C0AB15 /* Assets.xcassets in Resources */ = {isa = PBXBuildFile; fileRef = 369A16A023CD6B2A00C0AB15 /* Assets.xcassets */; };
		369A16A423CD6B2A00C0AB15 /* Preview Assets.xcassets in Resources */ = {isa = PBXBuildFile; fileRef = 369A16A323CD6B2A00C0AB15 /* Preview Assets.xcassets */; };
		369A16A723CD6B2A00C0AB15 /* LaunchScreen.storyboard in Resources */ = {isa = PBXBuildFile; fileRef = 369A16A523CD6B2A00C0AB15 /* LaunchScreen.storyboard */; };
/* End PBXBuildFile section */

/* Begin PBXFileReference section */
		369A169423CD6B2500C0AB15 /* flex.app */ = {isa = PBXFileReference; explicitFileType = wrapper.application; includeInIndex = 0; path = flex.app; sourceTree = BUILT_PRODUCTS_DIR; };
		369A169723CD6B2500C0AB15 /* AppDelegate.swift */ = {isa = PBXFileReference; lastKnownFileType = sourcecode.swift; path = AppDelegate.swift; sourceTree = "<group>"; };
		369A169923CD6B2500C0AB15 /* SceneDelegate.swift */ = {isa = PBXFileReference; lastKnownFileType = sourcecode.swift; path = SceneDelegate.swift; sourceTree = "<group>"; };
		369A169C23CD6B2500C0AB15 /* flex.xcdatamodel */ = {isa = PBXFileReference; lastKnownFileType = wrapper.xcdatamodel; path = flex.xcdatamodel; sourceTree = "<group>"; };
		369A169E23CD6B2500C0AB15 /* ContentView.swift */ = {isa = PBXFileReference; lastKnownFileType = sourcecode.swift; path = ContentView.swift; sourceTree = "<group>"; };
		369A16A023CD6B2A00C0AB15 /* Assets.xcassets */ = {isa = PBXFileReference; lastKnownFileType = folder.assetcatalog; path = Assets.xcassets; sourceTree = "<group>"; };
		369A16A323CD6B2A00C0AB15 /* Preview Assets.xcassets */ = {isa = PBXFileReference; lastKnownFileType = folder.assetcatalog; path = "Preview Assets.xcassets"; sourceTree = "<group>"; };
		369A16A623CD6B2A00C0AB15 /* Base */ = {isa = PBXFileReference; lastKnownFileType = file.storyboard; name = Base; path = Base.lproj/LaunchScreen.storyboard; sourceTree = "<group>"; };
		369A16A823CD6B2A00C0AB15 /* Info.plist */ = {isa = PBXFileReference; lastKnownFileType = text.plist.xml; path = Info.plist; sourceTree = "<group>"; };
/* End PBXFileReference section */

/* Begin PBXFrameworksBuildPhase section */
		369A169123CD6B2500C0AB15 /* Frameworks */ = {
			isa = PBXFrameworksBuildPhase;
			buildActionMask = 2147483647;
			files = (
			);
			runOnlyForDeploymentPostprocessing = 0;
		};
/* End PBXFrameworksBuildPhase section */

/* Begin PBXGroup section */
		369A168B23CD6B2500C0AB15 = {
			isa = PBXGroup;
			children = (
				369A169623CD6B2500C0AB15 /* flex */,
				369A169523CD6B2500C0AB15 /* Products */,
			);
			sourceTree = "<group>";
		};
		369A169523CD6B2500C0AB15 /* Products */ = {
			isa = PBXGroup;
			children = (
				369A169423CD6B2500C0AB15 /* flex.app */,
			);
			name = Products;
			sourceTree = "<group>";
		};
		369A169623CD6B2500C0AB15 /* flex */ = {
			isa = PBXGroup;
			children = (
				369A169723CD6B2500C0AB15 /* AppDelegate.swift */,
				369A169923CD6B2500C0AB15 /* SceneDelegate.swift */,
				369A169E23CD6B2500C0AB15 /* ContentView.swift */,
				369A16A023CD6B2A00C0AB15 /* Assets.xcassets */,
				369A16A523CD6B2A00C0AB15 /* LaunchScreen.storyboard */,
				369A16A823CD6B2A00C0AB15 /* Info.plist */,
				369A169B23CD6B2500C0AB15 /* flex.xcdatamodeld */,
				369A16A223CD6B2A00C0AB15 /* Preview Content */,
			);
			path = flex;
			sourceTree = "<group>";
		};
		369A16A223CD6B2A00C0AB15 /* Preview Content */ = {
			isa = PBXGroup;
			children = (
				369A16A323CD6B2A00C0AB15 /* Preview Assets.xcassets */,
			);
			path = "Preview Content";
			sourceTree = "<group>";
		};
/* End PBXGroup section */

/* Begin PBXNativeTarget section */
		369A169323CD6B2500C0AB15 /* flex */ = {
			isa = PBXNativeTarget;
			buildConfigurationList = 369A16AB23CD6B2A00C0AB15 /* Build configuration list for PBXNativeTarget "flex" */;
			buildPhases = (
				369A169023CD6B2500C0AB15 /* Sources */,
				369A169123CD6B2500C0AB15 /* Frameworks */,
				369A169223CD6B2500C0AB15 /* Resources */,
			);
			buildRules = (
			);
			dependencies = (
			);
			name = flex;
			productName = flex;
			productReference = 369A169423CD6B2500C0AB15 /* flex.app */;
			productType = "com.apple.product-type.application";
		};
/* End PBXNativeTarget section */

/* Begin PBXProject section */
		369A168C23CD6B2500C0AB15 /* Project object */ = {
			isa = PBXProject;
			attributes = {
				LastSwiftUpdateCheck = 1130;
				LastUpgradeCheck = 1130;
				ORGANIZATIONNAME = "Jun Bang";
				TargetAttributes = {
					369A169323CD6B2500C0AB15 = {
						CreatedOnToolsVersion = 11.3;
					};
				};
			};
			buildConfigurationList = 369A168F23CD6B2500C0AB15 /* Build configuration list for PBXProject "flex" */;
			compatibilityVersion = "Xcode 9.3";
			developmentRegion = en;
			hasScannedForEncodings = 0;
			knownRegions = (
				en,
				Base,
			);
			mainGroup = 369A168B23CD6B2500C0AB15;
			productRefGroup = 369A169523CD6B2500C0AB15 /* Products */;
			projectDirPath = "";
			projectRoot = "";
			targets = (
				369A169323CD6B2500C0AB15 /* flex */,
			);
		};
/* End PBXProject section */

/* Begin PBXResourcesBuildPhase section */
		369A169223CD6B2500C0AB15 /* Resources */ = {
			isa = PBXResourcesBuildPhase;
			buildActionMask = 2147483647;
			files = (
				369A16A723CD6B2A00C0AB15 /* LaunchScreen.storyboard in Resources */,
				369A16A423CD6B2A00C0AB15 /* Preview Assets.xcassets in Resources */,
				369A16A123CD6B2A00C0AB15 /* Assets.xcassets in Resources */,
			);
			runOnlyForDeploymentPostprocessing = 0;
		};
/* End PBXResourcesBuildPhase section */

/* Begin PBXSourcesBuildPhase section */
		369A169023CD6B2500C0AB15 /* Sources */ = {
			isa = PBXSourcesBuildPhase;
			buildActionMask = 2147483647;
			files = (
				369A169D23CD6B2500C0AB15 /* flex.xcdatamodeld in Sources */,
				369A169823CD6B2500C0AB15 /* AppDelegate.swift in Sources */,
				369A169F23CD6B2500C0AB15 /* ContentView.swift in Sources */,
				369A169A23CD6B2500C0AB15 /* SceneDelegate.swift in Sources */,
			);
			runOnlyForDeploymentPostprocessing = 0;
		};
/* End PBXSourcesBuildPhase section */

/* Begin PBXVariantGroup section */
		369A16A523CD6B2A00C0AB15 /* LaunchScreen.storyboard */ = {
			isa = PBXVariantGroup;
			children = (
				369A16A623CD6B2A00C0AB15 /* Base */,
			);
			name = LaunchScreen.storyboard;
			sourceTree = "<group>";
		};
/* End PBXVariantGroup section */

/* Begin XCBuildConfiguration section */
		369A16A923CD6B2A00C0AB15 /* Debug */ = {
			isa = XCBuildConfiguration;
			buildSettings = {
				ALWAYS_SEARCH_USER_PATHS = NO;
				CLANG_ANALYZER_NONNULL = YES;
				CLANG_ANALYZER_NUMBER_OBJECT_CONVERSION = YES_AGGRESSIVE;
				CLANG_CXX_LANGUAGE_STANDARD = "gnu++14";
				CLANG_CXX_LIBRARY = "libc++";
				CLANG_ENABLE_MODULES = YES;
				CLANG_ENABLE_OBJC_ARC = YES;
				CLANG_ENABLE_OBJC_WEAK = YES;
				CLANG_WARN_BLOCK_CAPTURE_AUTORELEASING = YES;
				CLANG_WARN_BOOL_CONVERSION = YES;
				CLANG_WARN_COMMA = YES;
				CLANG_WARN_CONSTANT_CONVERSION = YES;
				CLANG_WARN_DEPRECATED_OBJC_IMPLEMENTATIONS = YES;
				CLANG_WARN_DIRECT_OBJC_ISA_USAGE = YES_ERROR;
				CLANG_WARN_DOCUMENTATION_COMMENTS = YES;
				CLANG_WARN_EMPTY_BODY = YES;
				CLANG_WARN_ENUM_CONVERSION = YES;
				CLANG_WARN_INFINITE_RECURSION = YES;
				CLANG_WARN_INT_CONVERSION = YES;
				CLANG_WARN_NON_LITERAL_NULL_CONVERSION = YES;
				CLANG_WARN_OBJC_IMPLICIT_RETAIN_SELF = YES;
				CLANG_WARN_OBJC_LITERAL_CONVERSION = YES;
				CLANG_WARN_OBJC_ROOT_CLASS = YES_ERROR;
				CLANG_WARN_RANGE_LOOP_ANALYSIS = YES;
				CLANG_WARN_STRICT_PROTOTYPES = YES;
				CLANG_WARN_SUSPICIOUS_MOVE = YES;
				CLANG_WARN_UNGUARDED_AVAILABILITY = YES_AGGRESSIVE;
				CLANG_WARN_UNREACHABLE_CODE = YES;
				CLANG_WARN__DUPLICATE_METHOD_MATCH = YES;
				COPY_PHASE_STRIP = NO;
				DEBUG_INFORMATION_FORMAT = dwarf;
				ENABLE_STRICT_OBJC_MSGSEND = YES;
				ENABLE_TESTABILITY = YES;
				GCC_C_LANGUAGE_STANDARD = gnu11;
				GCC_DYNAMIC_NO_PIC = NO;
				GCC_NO_COMMON_BLOCKS = YES;
				GCC_OPTIMIZATION_LEVEL = 0;
				GCC_PREPROCESSOR_DEFINITIONS = (
					"DEBUG=1",
					"$(inherited)",
				);
				GCC_WARN_64_TO_32_BIT_CONVERSION = YES;
				GCC_WARN_ABOUT_RETURN_TYPE = YES_ERROR;
				GCC_WARN_UNDECLARED_SELECTOR = YES;
				GCC_WARN_UNINITIALIZED_AUTOS = YES_AGGRESSIVE;
				GCC_WARN_UNUSED_FUNCTION = YES;
				GCC_WARN_UNUSED_VARIABLE = YES;
				IPHONEOS_DEPLOYMENT_TARGET = 13.2;
				MTL_ENABLE_DEBUG_INFO = INCLUDE_SOURCE;
				MTL_FAST_MATH = YES;
				ONLY_ACTIVE_ARCH = YES;
				SDKROOT = iphoneos;
				SWIFT_ACTIVE_COMPILATION_CONDITIONS = DEBUG;
				SWIFT_OPTIMIZATION_LEVEL = "-Onone";
			};
			name = Debug;
		};
		369A16AA23CD6B2A00C0AB15 /* Release */ = {
			isa = XCBuildConfiguration;
			buildSettings = {
				ALWAYS_SEARCH_USER_PATHS = NO;
				CLANG_ANALYZER_NONNULL = YES;
				CLANG_ANALYZER_NUMBER_OBJECT_CONVERSION = YES_AGGRESSIVE;
				CLANG_CXX_LANGUAGE_STANDARD = "gnu++14";
				CLANG_CXX_LIBRARY = "libc++";
				CLANG_ENABLE_MODULES = YES;
				CLANG_ENABLE_OBJC_ARC = YES;
				CLANG_ENABLE_OBJC_WEAK = YES;
				CLANG_WARN_BLOCK_CAPTURE_AUTORELEASING = YES;
				CLANG_WARN_BOOL_CONVERSION = YES;
				CLANG_WARN_COMMA = YES;
				CLANG_WARN_CONSTANT_CONVERSION = YES;
				CLANG_WARN_DEPRECATED_OBJC_IMPLEMENTATIONS = YES;
				CLANG_WARN_DIRECT_OBJC_ISA_USAGE = YES_ERROR;
				CLANG_WARN_DOCUMENTATION_COMMENTS = YES;
				CLANG_WARN_EMPTY_BODY = YES;
				CLANG_WARN_ENUM_CONVERSION = YES;
				CLANG_WARN_INFINITE_RECURSION = YES;
				CLANG_WARN_INT_CONVERSION = YES;
				CLANG_WARN_NON_LITERAL_NULL_CONVERSION = YES;
				CLANG_WARN_OBJC_IMPLICIT_RETAIN_SELF = YES;
				CLANG_WARN_OBJC_LITERAL_CONVERSION = YES;
				CLANG_WARN_OBJC_ROOT_CLASS = YES_ERROR;
				CLANG_WARN_RANGE_LOOP_ANALYSIS = YES;
				CLANG_WARN_STRICT_PROTOTYPES = YES;
				CLANG_WARN_SUSPICIOUS_MOVE = YES;
				CLANG_WARN_UNGUARDED_AVAILABILITY = YES_AGGRESSIVE;
				CLANG_WARN_UNREACHABLE_CODE = YES;
				CLANG_WARN__DUPLICATE_METHOD_MATCH = YES;
				COPY_PHASE_STRIP = NO;
				DEBUG_INFORMATION_FORMAT = "dwarf-with-dsym";
				ENABLE_NS_ASSERTIONS = NO;
				ENABLE_STRICT_OBJC_MSGSEND = YES;
				GCC_C_LANGUAGE_STANDARD = gnu11;
				GCC_NO_COMMON_BLOCKS = YES;
				GCC_WARN_64_TO_32_BIT_CONVERSION = YES;
				GCC_WARN_ABOUT_RETURN_TYPE = YES_ERROR;
				GCC_WARN_UNDECLARED_SELECTOR = YES;
				GCC_WARN_UNINITIALIZED_AUTOS = YES_AGGRESSIVE;
				GCC_WARN_UNUSED_FUNCTION = YES;
				GCC_WARN_UNUSED_VARIABLE = YES;
				IPHONEOS_DEPLOYMENT_TARGET = 13.2;
				MTL_ENABLE_DEBUG_INFO = NO;
				MTL_FAST_MATH = YES;
				SDKROOT = iphoneos;
				SWIFT_COMPILATION_MODE = wholemodule;
				SWIFT_OPTIMIZATION_LEVEL = "-O";
				VALIDATE_PRODUCT = YES;
			};
			name = Release;
		};
		369A16AC23CD6B2A00C0AB15 /* Debug */ = {
			isa = XCBuildConfiguration;
			buildSettings = {
				ASSETCATALOG_COMPILER_APPICON_NAME = AppIcon;
				CODE_SIGN_STYLE = Automatic;
				DEVELOPMENT_ASSET_PATHS = "\"flex/Preview Content\"";
				DEVELOPMENT_TEAM = 7QHGBDS383;
				ENABLE_PREVIEWS = YES;
				INFOPLIST_FILE = flex/Info.plist;
				LD_RUNPATH_SEARCH_PATHS = (
					"$(inherited)",
					"@executable_path/Frameworks",
				);
				PRODUCT_BUNDLE_IDENTIFIER = com.junbang.flex;
				PRODUCT_NAME = "$(TARGET_NAME)";
				SWIFT_VERSION = 5.0;
				TARGETED_DEVICE_FAMILY = "1,2";
			};
			name = Debug;
		};
		369A16AD23CD6B2A00C0AB15 /* Release */ = {
			isa = XCBuildConfiguration;
			buildSettings = {
				ASSETCATALOG_COMPILER_APPICON_NAME = AppIcon;
				CODE_SIGN_STYLE = Automatic;
				DEVELOPMENT_ASSET_PATHS = "\"flex/Preview Content\"";
				DEVELOPMENT_TEAM = 7QHGBDS383;
				ENABLE_PREVIEWS = YES;
				INFOPLIST_FILE = flex/Info.plist;
				LD_RUNPATH_SEARCH_PATHS = (
					"$(inherited)",
					"@executable_path/Frameworks",
				);
				PRODUCT_BUNDLE_IDENTIFIER = com.junbang.flex;
				PRODUCT_NAME = "$(TARGET_NAME)";
				SWIFT_VERSION = 5.0;
				TARGETED_DEVICE_FAMILY = "1,2";
			};
			name = Release;
		};
/* End XCBuildConfiguration section */

/* Begin XCConfigurationList section */
		369A168F23CD6B2500C0AB15 /* Build configuration list for PBXProject "flex" */ = {
			isa = XCConfigurationList;
			buildConfigurations = (
				369A16A923CD6B2A00C0AB15 /* Debug */,
				369A16AA23CD6B2A00C0AB15 /* Release */,
			);
			defaultConfigurationIsVisible = 0;
			defaultConfigurationName = Release;
		};
		369A16AB23CD6B2A00C0AB15 /* Build configuration list for PBXNativeTarget "flex" */ = {
			isa = XCConfigurationList;
			buildConfigurations = (
				369A16AC23CD6B2A00C0AB15 /* Debug */,
				369A16AD23CD6B2A00C0AB15 /* Release */,
			);
			defaultConfigurationIsVisible = 0;
			defaultConfigurationName = Release;
		};
/* End XCConfigurationList section */

/* Begin XCVersionGroup section */
		369A169B23CD6B2500C0AB15 /* flex.xcdatamodeld */ = {
			isa = XCVersionGroup;
			children = (
				369A169C23CD6B2500C0AB15 /* flex.xcdatamodel */,
			);
			currentVersion = 369A169C23CD6B2500C0AB15 /* flex.xcdatamodel */;
			path = flex.xcdatamodeld;
			sourceTree = "<group>";
			versionGroupType = wrapper.xcdatamodel;
		};
/* End XCVersionGroup section */
	};
	rootObject = 369A168C23CD6B2500C0AB15 /* Project object */;
}
