// !$*UTF8*$!
{
	archiveVersion = 1;
	classes = {
	};
	objectVersion = 51;
	objects = {

/* Begin PBXBuildFile section */
		366C444923FA826B0057267E /* RatingView.swift in Sources */ = {isa = PBXBuildFile; fileRef = 366C444823FA826B0057267E /* RatingView.swift */; };
		366C444C23FB82710057267E /* MyPageViewController.swift in Sources */ = {isa = PBXBuildFile; fileRef = 366C444B23FB82710057267E /* MyPageViewController.swift */; };
		366C445423FE68380057267E /* TimelineView.swift in Sources */ = {isa = PBXBuildFile; fileRef = 366C445323FE68380057267E /* TimelineView.swift */; };
		366C44562400FD0E0057267E /* NavigationTab.swift in Sources */ = {isa = PBXBuildFile; fileRef = 366C44552400FD0E0057267E /* NavigationTab.swift */; };
		366C445A240119D40057267E /* RatingForm.swift in Sources */ = {isa = PBXBuildFile; fileRef = 366C4459240119D40057267E /* RatingForm.swift */; };
		369A169823CD6B2500C0AB15 /* AppDelegate.swift in Sources */ = {isa = PBXBuildFile; fileRef = 369A169723CD6B2500C0AB15 /* AppDelegate.swift */; };
		369A169A23CD6B2500C0AB15 /* SceneDelegate.swift in Sources */ = {isa = PBXBuildFile; fileRef = 369A169923CD6B2500C0AB15 /* SceneDelegate.swift */; };
		369A169F23CD6B2500C0AB15 /* ContentView.swift in Sources */ = {isa = PBXBuildFile; fileRef = 369A169E23CD6B2500C0AB15 /* ContentView.swift */; };
		369A16A123CD6B2A00C0AB15 /* Assets.xcassets in Resources */ = {isa = PBXBuildFile; fileRef = 369A16A023CD6B2A00C0AB15 /* Assets.xcassets */; };
		369A16A423CD6B2A00C0AB15 /* Preview Assets.xcassets in Resources */ = {isa = PBXBuildFile; fileRef = 369A16A323CD6B2A00C0AB15 /* Preview Assets.xcassets */; };
		369A16A723CD6B2A00C0AB15 /* LaunchScreen.storyboard in Resources */ = {isa = PBXBuildFile; fileRef = 369A16A523CD6B2A00C0AB15 /* LaunchScreen.storyboard */; };
		369A16B223CD6D5400C0AB15 /* ItemDetails.swift in Sources */ = {isa = PBXBuildFile; fileRef = 369A16B123CD6D5400C0AB15 /* ItemDetails.swift */; };
		369A16B423CD6EE100C0AB15 /* CircleImage.swift in Sources */ = {isa = PBXBuildFile; fileRef = 369A16B323CD6EE100C0AB15 /* CircleImage.swift */; };
		369A16B623CD916300C0AB15 /* BackgroundImage.swift in Sources */ = {isa = PBXBuildFile; fileRef = 369A16B523CD916300C0AB15 /* BackgroundImage.swift */; };
		369A16DA23D1687000C0AB15 /* GoogleService-Info.plist in Resources */ = {isa = PBXBuildFile; fileRef = 369A16B923D08EA500C0AB15 /* GoogleService-Info.plist */; };
		369A16DD23D1DC8E00C0AB15 /* SignUpViewController.swift in Sources */ = {isa = PBXBuildFile; fileRef = 369A16DC23D1DC8E00C0AB15 /* SignUpViewController.swift */; };
		369A16DF23D1DC9900C0AB15 /* LogInViewController.swift in Sources */ = {isa = PBXBuildFile; fileRef = 369A16DE23D1DC9900C0AB15 /* LogInViewController.swift */; };
		36D1924823F1A2B20078ED6B /* Logo.swift in Sources */ = {isa = PBXBuildFile; fileRef = 36D1924723F1A2B20078ED6B /* Logo.swift */; };
		36D1924E23F295970078ED6B /* RegisterViewController.swift in Sources */ = {isa = PBXBuildFile; fileRef = 36D1924D23F295970078ED6B /* RegisterViewController.swift */; };
		36D1925023F573510078ED6B /* KeyboardHost.swift in Sources */ = {isa = PBXBuildFile; fileRef = 36D1924F23F573510078ED6B /* KeyboardHost.swift */; };
		36D1925423F68C1A0078ED6B /* FirebaseReferenceManager.swift in Sources */ = {isa = PBXBuildFile; fileRef = 36D1925323F68C1A0078ED6B /* FirebaseReferenceManager.swift */; };
		36D1925623F696710078ED6B /* FirebaseKeys.swift in Sources */ = {isa = PBXBuildFile; fileRef = 36D1925523F696710078ED6B /* FirebaseKeys.swift */; };
		36D1926523F7AE5C0078ED6B /* Utilities.swift in Sources */ = {isa = PBXBuildFile; fileRef = 36D1926423F7AE5C0078ED6B /* Utilities.swift */; };
		6BC01F3161F442B9EE810431 /* Pods_flex.framework in Frameworks */ = {isa = PBXBuildFile; fileRef = 397C82D52D0FB9BB9FC4C7E1 /* Pods_flex.framework */; };
/* End PBXBuildFile section */

/* Begin PBXFileReference section */
		366C444823FA826B0057267E /* RatingView.swift */ = {isa = PBXFileReference; lastKnownFileType = sourcecode.swift; path = RatingView.swift; sourceTree = "<group>"; };
		366C444B23FB82710057267E /* MyPageViewController.swift */ = {isa = PBXFileReference; lastKnownFileType = sourcecode.swift; path = MyPageViewController.swift; sourceTree = "<group>"; };
		366C445323FE68380057267E /* TimelineView.swift */ = {isa = PBXFileReference; lastKnownFileType = sourcecode.swift; path = TimelineView.swift; sourceTree = "<group>"; };
		366C44552400FD0E0057267E /* NavigationTab.swift */ = {isa = PBXFileReference; lastKnownFileType = sourcecode.swift; path = NavigationTab.swift; sourceTree = "<group>"; };
		366C4459240119D40057267E /* RatingForm.swift */ = {isa = PBXFileReference; lastKnownFileType = sourcecode.swift; path = RatingForm.swift; sourceTree = "<group>"; };
		369A169423CD6B2500C0AB15 /* flex.app */ = {isa = PBXFileReference; explicitFileType = wrapper.application; includeInIndex = 0; path = flex.app; sourceTree = BUILT_PRODUCTS_DIR; };
		369A169723CD6B2500C0AB15 /* AppDelegate.swift */ = {isa = PBXFileReference; lastKnownFileType = sourcecode.swift; path = AppDelegate.swift; sourceTree = "<group>"; };
		369A169923CD6B2500C0AB15 /* SceneDelegate.swift */ = {isa = PBXFileReference; lastKnownFileType = sourcecode.swift; path = SceneDelegate.swift; sourceTree = "<group>"; };
		369A169E23CD6B2500C0AB15 /* ContentView.swift */ = {isa = PBXFileReference; lastKnownFileType = sourcecode.swift; path = ContentView.swift; sourceTree = "<group>"; };
		369A16A023CD6B2A00C0AB15 /* Assets.xcassets */ = {isa = PBXFileReference; lastKnownFileType = folder.assetcatalog; path = Assets.xcassets; sourceTree = "<group>"; };
		369A16A323CD6B2A00C0AB15 /* Preview Assets.xcassets */ = {isa = PBXFileReference; lastKnownFileType = folder.assetcatalog; path = "Preview Assets.xcassets"; sourceTree = "<group>"; };
		369A16A623CD6B2A00C0AB15 /* Base */ = {isa = PBXFileReference; lastKnownFileType = file.storyboard; name = Base; path = Base.lproj/LaunchScreen.storyboard; sourceTree = "<group>"; };
		369A16A823CD6B2A00C0AB15 /* Info.plist */ = {isa = PBXFileReference; lastKnownFileType = text.plist.xml; path = Info.plist; sourceTree = "<group>"; };
		369A16B123CD6D5400C0AB15 /* ItemDetails.swift */ = {isa = PBXFileReference; lastKnownFileType = sourcecode.swift; path = ItemDetails.swift; sourceTree = "<group>"; };
		369A16B323CD6EE100C0AB15 /* CircleImage.swift */ = {isa = PBXFileReference; lastKnownFileType = sourcecode.swift; path = CircleImage.swift; sourceTree = "<group>"; };
		369A16B523CD916300C0AB15 /* BackgroundImage.swift */ = {isa = PBXFileReference; lastKnownFileType = sourcecode.swift; path = BackgroundImage.swift; sourceTree = "<group>"; };
		369A16B923D08EA500C0AB15 /* GoogleService-Info.plist */ = {isa = PBXFileReference; lastKnownFileType = text.plist.xml; path = "GoogleService-Info.plist"; sourceTree = "<group>"; };
		369A16DC23D1DC8E00C0AB15 /* SignUpViewController.swift */ = {isa = PBXFileReference; lastKnownFileType = sourcecode.swift; path = SignUpViewController.swift; sourceTree = "<group>"; };
		369A16DE23D1DC9900C0AB15 /* LogInViewController.swift */ = {isa = PBXFileReference; lastKnownFileType = sourcecode.swift; path = LogInViewController.swift; sourceTree = "<group>"; };
		36D1924723F1A2B20078ED6B /* Logo.swift */ = {isa = PBXFileReference; lastKnownFileType = sourcecode.swift; path = Logo.swift; sourceTree = "<group>"; };
		36D1924D23F295970078ED6B /* RegisterViewController.swift */ = {isa = PBXFileReference; lastKnownFileType = sourcecode.swift; path = RegisterViewController.swift; sourceTree = "<group>"; };
		36D1924F23F573510078ED6B /* KeyboardHost.swift */ = {isa = PBXFileReference; lastKnownFileType = sourcecode.swift; path = KeyboardHost.swift; sourceTree = "<group>"; };
		36D1925323F68C1A0078ED6B /* FirebaseReferenceManager.swift */ = {isa = PBXFileReference; lastKnownFileType = sourcecode.swift; path = FirebaseReferenceManager.swift; sourceTree = "<group>"; };
		36D1925523F696710078ED6B /* FirebaseKeys.swift */ = {isa = PBXFileReference; lastKnownFileType = sourcecode.swift; path = FirebaseKeys.swift; sourceTree = "<group>"; };
		36D1926423F7AE5C0078ED6B /* Utilities.swift */ = {isa = PBXFileReference; lastKnownFileType = sourcecode.swift; path = Utilities.swift; sourceTree = "<group>"; };
		397C82D52D0FB9BB9FC4C7E1 /* Pods_flex.framework */ = {isa = PBXFileReference; explicitFileType = wrapper.framework; includeInIndex = 0; path = Pods_flex.framework; sourceTree = BUILT_PRODUCTS_DIR; };
		51C285D1B4B837560E73D702 /* Pods-flex.release.xcconfig */ = {isa = PBXFileReference; includeInIndex = 1; lastKnownFileType = text.xcconfig; name = "Pods-flex.release.xcconfig"; path = "Target Support Files/Pods-flex/Pods-flex.release.xcconfig"; sourceTree = "<group>"; };
		7AC609F3F689CDFAD2B8B7C1 /* Pods-flex.debug.xcconfig */ = {isa = PBXFileReference; includeInIndex = 1; lastKnownFileType = text.xcconfig; name = "Pods-flex.debug.xcconfig"; path = "Target Support Files/Pods-flex/Pods-flex.debug.xcconfig"; sourceTree = "<group>"; };
/* End PBXFileReference section */

/* Begin PBXFrameworksBuildPhase section */
		369A169123CD6B2500C0AB15 /* Frameworks */ = {
			isa = PBXFrameworksBuildPhase;
			buildActionMask = 2147483647;
			files = (
				6BC01F3161F442B9EE810431 /* Pods_flex.framework in Frameworks */,
			);
			runOnlyForDeploymentPostprocessing = 0;
		};
/* End PBXFrameworksBuildPhase section */

/* Begin PBXGroup section */
		366C444A23FB82360057267E /* Delegates */ = {
			isa = PBXGroup;
			children = (
				369A169723CD6B2500C0AB15 /* AppDelegate.swift */,
				369A169923CD6B2500C0AB15 /* SceneDelegate.swift */,
			);
			path = Delegates;
			sourceTree = "<group>";
		};
		369A168B23CD6B2500C0AB15 = {
			isa = PBXGroup;
			children = (
				369A169623CD6B2500C0AB15 /* flex */,
				369A169523CD6B2500C0AB15 /* Products */,
				5E176A0058349FA706E07D41 /* Pods */,
				6B8C5DCF270861153C2010FC /* Frameworks */,
			);
			sourceTree = "<group>";
		};
		369A169523CD6B2500C0AB15 /* Products */ = {
			isa = PBXGroup;
			children = (
				369A169423CD6B2500C0AB15 /* flex.app */,
			);
			name = Products;
			sourceTree = "<group>";
		};
		369A169623CD6B2500C0AB15 /* flex */ = {
			isa = PBXGroup;
			children = (
				369A16DB23D1DC5E00C0AB15 /* VIew Controllers */,
				366C444A23FB82360057267E /* Delegates */,
				369A16AF23CD6C3E00C0AB15 /* Supporting Views */,
				369A169E23CD6B2500C0AB15 /* ContentView.swift */,
				369A16AE23CD6C2800C0AB15 /* Model */,
				369A16B023CD6C5300C0AB15 /* Resources */,
				369A16A023CD6B2A00C0AB15 /* Assets.xcassets */,
				369A16A523CD6B2A00C0AB15 /* LaunchScreen.storyboard */,
				369A16A823CD6B2A00C0AB15 /* Info.plist */,
				369A16B923D08EA500C0AB15 /* GoogleService-Info.plist */,
				369A16A223CD6B2A00C0AB15 /* Preview Content */,
			);
			path = flex;
			sourceTree = "<group>";
		};
		369A16A223CD6B2A00C0AB15 /* Preview Content */ = {
			isa = PBXGroup;
			children = (
				369A16A323CD6B2A00C0AB15 /* Preview Assets.xcassets */,
			);
			path = "Preview Content";
			sourceTree = "<group>";
		};
		369A16AE23CD6C2800C0AB15 /* Model */ = {
			isa = PBXGroup;
			children = (
				36D1925323F68C1A0078ED6B /* FirebaseReferenceManager.swift */,
				36D1925523F696710078ED6B /* FirebaseKeys.swift */,
			);
			path = Model;
			sourceTree = "<group>";
		};
		369A16AF23CD6C3E00C0AB15 /* Supporting Views */ = {
			isa = PBXGroup;
			children = (
				36D1926423F7AE5C0078ED6B /* Utilities.swift */,
				366C444823FA826B0057267E /* RatingView.swift */,
				369A16B323CD6EE100C0AB15 /* CircleImage.swift */,
				369A16B523CD916300C0AB15 /* BackgroundImage.swift */,
				36D1924723F1A2B20078ED6B /* Logo.swift */,
				36D1924F23F573510078ED6B /* KeyboardHost.swift */,
				366C445323FE68380057267E /* TimelineView.swift */,
				366C44552400FD0E0057267E /* NavigationTab.swift */,
				366C4459240119D40057267E /* RatingForm.swift */,
			);
			path = "Supporting Views";
			sourceTree = "<group>";
		};
		369A16B023CD6C5300C0AB15 /* Resources */ = {
			isa = PBXGroup;
			children = (
			);
			path = Resources;
			sourceTree = "<group>";
		};
		369A16DB23D1DC5E00C0AB15 /* VIew Controllers */ = {
			isa = PBXGroup;
			children = (
				369A16DC23D1DC8E00C0AB15 /* SignUpViewController.swift */,
				369A16DE23D1DC9900C0AB15 /* LogInViewController.swift */,
				36D1924D23F295970078ED6B /* RegisterViewController.swift */,
				369A16B123CD6D5400C0AB15 /* ItemDetails.swift */,
				366C444B23FB82710057267E /* MyPageViewController.swift */,
			);
			path = "VIew Controllers";
			sourceTree = "<group>";
		};
		5E176A0058349FA706E07D41 /* Pods */ = {
			isa = PBXGroup;
			children = (
				7AC609F3F689CDFAD2B8B7C1 /* Pods-flex.debug.xcconfig */,
				51C285D1B4B837560E73D702 /* Pods-flex.release.xcconfig */,
			);
			path = Pods;
			sourceTree = "<group>";
		};
		6B8C5DCF270861153C2010FC /* Frameworks */ = {
			isa = PBXGroup;
			children = (
				397C82D52D0FB9BB9FC4C7E1 /* Pods_flex.framework */,
			);
			name = Frameworks;
			sourceTree = "<group>";
		};
/* End PBXGroup section */

/* Begin PBXNativeTarget section */
		369A169323CD6B2500C0AB15 /* flex */ = {
			isa = PBXNativeTarget;
			buildConfigurationList = 369A16AB23CD6B2A00C0AB15 /* Build configuration list for PBXNativeTarget "flex" */;
			buildPhases = (
				D24340E8B6A34871058F2F6C /* [CP] Check Pods Manifest.lock */,
				369A169023CD6B2500C0AB15 /* Sources */,
				369A169123CD6B2500C0AB15 /* Frameworks */,
				369A169223CD6B2500C0AB15 /* Resources */,
				920F9049779F555F37ED5228 /* [CP] Embed Pods Frameworks */,
				6325B89755388CFAFAABF2C1 /* [CP] Copy Pods Resources */,
			);
			buildRules = (
			);
			dependencies = (
			);
			name = flex;
			productName = flex;
			productReference = 369A169423CD6B2500C0AB15 /* flex.app */;
			productType = "com.apple.product-type.application";
		};
/* End PBXNativeTarget section */

/* Begin PBXProject section */
		369A168C23CD6B2500C0AB15 /* Project object */ = {
			isa = PBXProject;
			attributes = {
				LastSwiftUpdateCheck = 1130;
				LastUpgradeCheck = 1130;
				ORGANIZATIONNAME = "Jun Bang";
				TargetAttributes = {
					369A169323CD6B2500C0AB15 = {
						CreatedOnToolsVersion = 11.3;
					};
				};
			};
			buildConfigurationList = 369A168F23CD6B2500C0AB15 /* Build configuration list for PBXProject "flex" */;
			compatibilityVersion = "Xcode 9.3";
			developmentRegion = en;
			hasScannedForEncodings = 0;
			knownRegions = (
				en,
				Base,
			);
			mainGroup = 369A168B23CD6B2500C0AB15;
			productRefGroup = 369A169523CD6B2500C0AB15 /* Products */;
			projectDirPath = "";
			projectRoot = "";
			targets = (
				369A169323CD6B2500C0AB15 /* flex */,
			);
		};
/* End PBXProject section */

/* Begin PBXResourcesBuildPhase section */
		369A169223CD6B2500C0AB15 /* Resources */ = {
			isa = PBXResourcesBuildPhase;
			buildActionMask = 2147483647;
			files = (
				369A16A723CD6B2A00C0AB15 /* LaunchScreen.storyboard in Resources */,
				369A16DA23D1687000C0AB15 /* GoogleService-Info.plist in Resources */,
				369A16A423CD6B2A00C0AB15 /* Preview Assets.xcassets in Resources */,
				369A16A123CD6B2A00C0AB15 /* Assets.xcassets in Resources */,
			);
			runOnlyForDeploymentPostprocessing = 0;
		};
/* End PBXResourcesBuildPhase section */

/* Begin PBXShellScriptBuildPhase section */
		6325B89755388CFAFAABF2C1 /* [CP] Copy Pods Resources */ = {
			isa = PBXShellScriptBuildPhase;
			buildActionMask = 2147483647;
			files = (
			);
			inputFileListPaths = (
				"${PODS_ROOT}/Target Support Files/Pods-flex/Pods-flex-resources-${CONFIGURATION}-input-files.xcfilelist",
			);
			name = "[CP] Copy Pods Resources";
			outputFileListPaths = (
				"${PODS_ROOT}/Target Support Files/Pods-flex/Pods-flex-resources-${CONFIGURATION}-output-files.xcfilelist",
			);
			runOnlyForDeploymentPostprocessing = 0;
			shellPath = /bin/sh;
			shellScript = "\"${PODS_ROOT}/Target Support Files/Pods-flex/Pods-flex-resources.sh\"\n";
			showEnvVarsInLog = 0;
		};
		920F9049779F555F37ED5228 /* [CP] Embed Pods Frameworks */ = {
			isa = PBXShellScriptBuildPhase;
			buildActionMask = 2147483647;
			files = (
			);
			inputFileListPaths = (
				"${PODS_ROOT}/Target Support Files/Pods-flex/Pods-flex-frameworks-${CONFIGURATION}-input-files.xcfilelist",
			);
			name = "[CP] Embed Pods Frameworks";
			outputFileListPaths = (
				"${PODS_ROOT}/Target Support Files/Pods-flex/Pods-flex-frameworks-${CONFIGURATION}-output-files.xcfilelist",
			);
			runOnlyForDeploymentPostprocessing = 0;
			shellPath = /bin/sh;
			shellScript = "\"${PODS_ROOT}/Target Support Files/Pods-flex/Pods-flex-frameworks.sh\"\n";
			showEnvVarsInLog = 0;
		};
		D24340E8B6A34871058F2F6C /* [CP] Check Pods Manifest.lock */ = {
			isa = PBXShellScriptBuildPhase;
			buildActionMask = 2147483647;
			files = (
			);
			inputFileListPaths = (
			);
			inputPaths = (
				"${PODS_PODFILE_DIR_PATH}/Podfile.lock",
				"${PODS_ROOT}/Manifest.lock",
			);
			name = "[CP] Check Pods Manifest.lock";
			outputFileListPaths = (
			);
			outputPaths = (
				"$(DERIVED_FILE_DIR)/Pods-flex-checkManifestLockResult.txt",
			);
			runOnlyForDeploymentPostprocessing = 0;
			shellPath = /bin/sh;
			shellScript = "diff \"${PODS_PODFILE_DIR_PATH}/Podfile.lock\" \"${PODS_ROOT}/Manifest.lock\" > /dev/null\nif [ $? != 0 ] ; then\n    # print error to STDERR\n    echo \"error: The sandbox is not in sync with the Podfile.lock. Run 'pod install' or update your CocoaPods installation.\" >&2\n    exit 1\nfi\n# This output is used by Xcode 'outputs' to avoid re-running this script phase.\necho \"SUCCESS\" > \"${SCRIPT_OUTPUT_FILE_0}\"\n";
			showEnvVarsInLog = 0;
		};
/* End PBXShellScriptBuildPhase section */

/* Begin PBXSourcesBuildPhase section */
		369A169023CD6B2500C0AB15 /* Sources */ = {
			isa = PBXSourcesBuildPhase;
			buildActionMask = 2147483647;
			files = (
				369A169823CD6B2500C0AB15 /* AppDelegate.swift in Sources */,
				36D1924E23F295970078ED6B /* RegisterViewController.swift in Sources */,
				36D1926523F7AE5C0078ED6B /* Utilities.swift in Sources */,
				366C444923FA826B0057267E /* RatingView.swift in Sources */,
				369A16DD23D1DC8E00C0AB15 /* SignUpViewController.swift in Sources */,
				369A16B223CD6D5400C0AB15 /* ItemDetails.swift in Sources */,
				36D1925423F68C1A0078ED6B /* FirebaseReferenceManager.swift in Sources */,
				366C445423FE68380057267E /* TimelineView.swift in Sources */,
				366C444C23FB82710057267E /* MyPageViewController.swift in Sources */,
				36D1925023F573510078ED6B /* KeyboardHost.swift in Sources */,
				36D1925623F696710078ED6B /* FirebaseKeys.swift in Sources */,
				366C44562400FD0E0057267E /* NavigationTab.swift in Sources */,
				369A169F23CD6B2500C0AB15 /* ContentView.swift in Sources */,
				36D1924823F1A2B20078ED6B /* Logo.swift in Sources */,
				369A16DF23D1DC9900C0AB15 /* LogInViewController.swift in Sources */,
				366C445A240119D40057267E /* RatingForm.swift in Sources */,
				369A169A23CD6B2500C0AB15 /* SceneDelegate.swift in Sources */,
				369A16B623CD916300C0AB15 /* BackgroundImage.swift in Sources */,
				369A16B423CD6EE100C0AB15 /* CircleImage.swift in Sources */,
			);
			runOnlyForDeploymentPostprocessing = 0;
		};
/* End PBXSourcesBuildPhase section */

/* Begin PBXVariantGroup section */
		369A16A523CD6B2A00C0AB15 /* LaunchScreen.storyboard */ = {
			isa = PBXVariantGroup;
			children = (
				369A16A623CD6B2A00C0AB15 /* Base */,
			);
			name = LaunchScreen.storyboard;
			sourceTree = "<group>";
		};
/* End PBXVariantGroup section */

/* Begin XCBuildConfiguration section */
		369A16A923CD6B2A00C0AB15 /* Debug */ = {
			isa = XCBuildConfiguration;
			buildSettings = {
				ALWAYS_SEARCH_USER_PATHS = NO;
				CLANG_ANALYZER_NONNULL = YES;
				CLANG_ANALYZER_NUMBER_OBJECT_CONVERSION = YES_AGGRESSIVE;
				CLANG_CXX_LANGUAGE_STANDARD = "gnu++14";
				CLANG_CXX_LIBRARY = "libc++";
				CLANG_ENABLE_MODULES = YES;
				CLANG_ENABLE_OBJC_ARC = YES;
				CLANG_ENABLE_OBJC_WEAK = YES;
				CLANG_WARN_BLOCK_CAPTURE_AUTORELEASING = YES;
				CLANG_WARN_BOOL_CONVERSION = YES;
				CLANG_WARN_COMMA = YES;
				CLANG_WARN_CONSTANT_CONVERSION = YES;
				CLANG_WARN_DEPRECATED_OBJC_IMPLEMENTATIONS = YES;
				CLANG_WARN_DIRECT_OBJC_ISA_USAGE = YES_ERROR;
				CLANG_WARN_DOCUMENTATION_COMMENTS = YES;
				CLANG_WARN_EMPTY_BODY = YES;
				CLANG_WARN_ENUM_CONVERSION = YES;
				CLANG_WARN_INFINITE_RECURSION = YES;
				CLANG_WARN_INT_CONVERSION = YES;
				CLANG_WARN_NON_LITERAL_NULL_CONVERSION = YES;
				CLANG_WARN_OBJC_IMPLICIT_RETAIN_SELF = YES;
				CLANG_WARN_OBJC_LITERAL_CONVERSION = YES;
				CLANG_WARN_OBJC_ROOT_CLASS = YES_ERROR;
				CLANG_WARN_RANGE_LOOP_ANALYSIS = YES;
				CLANG_WARN_STRICT_PROTOTYPES = YES;
				CLANG_WARN_SUSPICIOUS_MOVE = YES;
				CLANG_WARN_UNGUARDED_AVAILABILITY = YES_AGGRESSIVE;
				CLANG_WARN_UNREACHABLE_CODE = YES;
				CLANG_WARN__DUPLICATE_METHOD_MATCH = YES;
				COPY_PHASE_STRIP = NO;
				DEBUG_INFORMATION_FORMAT = dwarf;
				ENABLE_STRICT_OBJC_MSGSEND = YES;
				ENABLE_TESTABILITY = YES;
				GCC_C_LANGUAGE_STANDARD = gnu11;
				GCC_DYNAMIC_NO_PIC = NO;
				GCC_NO_COMMON_BLOCKS = YES;
				GCC_OPTIMIZATION_LEVEL = 0;
				GCC_PREPROCESSOR_DEFINITIONS = (
					"DEBUG=1",
					"$(inherited)",
				);
				GCC_WARN_64_TO_32_BIT_CONVERSION = YES;
				GCC_WARN_ABOUT_RETURN_TYPE = YES_ERROR;
				GCC_WARN_UNDECLARED_SELECTOR = YES;
				GCC_WARN_UNINITIALIZED_AUTOS = YES_AGGRESSIVE;
				GCC_WARN_UNUSED_FUNCTION = YES;
				GCC_WARN_UNUSED_VARIABLE = YES;
				IPHONEOS_DEPLOYMENT_TARGET = 13.2;
				MTL_ENABLE_DEBUG_INFO = INCLUDE_SOURCE;
				MTL_FAST_MATH = YES;
				ONLY_ACTIVE_ARCH = YES;
				SDKROOT = iphoneos;
				SWIFT_ACTIVE_COMPILATION_CONDITIONS = DEBUG;
				SWIFT_OPTIMIZATION_LEVEL = "-Onone";
			};
			name = Debug;
		};
		369A16AA23CD6B2A00C0AB15 /* Release */ = {
			isa = XCBuildConfiguration;
			buildSettings = {
				ALWAYS_SEARCH_USER_PATHS = NO;
				CLANG_ANALYZER_NONNULL = YES;
				CLANG_ANALYZER_NUMBER_OBJECT_CONVERSION = YES_AGGRESSIVE;
				CLANG_CXX_LANGUAGE_STANDARD = "gnu++14";
				CLANG_CXX_LIBRARY = "libc++";
				CLANG_ENABLE_MODULES = YES;
				CLANG_ENABLE_OBJC_ARC = YES;
				CLANG_ENABLE_OBJC_WEAK = YES;
				CLANG_WARN_BLOCK_CAPTURE_AUTORELEASING = YES;
				CLANG_WARN_BOOL_CONVERSION = YES;
				CLANG_WARN_COMMA = YES;
				CLANG_WARN_CONSTANT_CONVERSION = YES;
				CLANG_WARN_DEPRECATED_OBJC_IMPLEMENTATIONS = YES;
				CLANG_WARN_DIRECT_OBJC_ISA_USAGE = YES_ERROR;
				CLANG_WARN_DOCUMENTATION_COMMENTS = YES;
				CLANG_WARN_EMPTY_BODY = YES;
				CLANG_WARN_ENUM_CONVERSION = YES;
				CLANG_WARN_INFINITE_RECURSION = YES;
				CLANG_WARN_INT_CONVERSION = YES;
				CLANG_WARN_NON_LITERAL_NULL_CONVERSION = YES;
				CLANG_WARN_OBJC_IMPLICIT_RETAIN_SELF = YES;
				CLANG_WARN_OBJC_LITERAL_CONVERSION = YES;
				CLANG_WARN_OBJC_ROOT_CLASS = YES_ERROR;
				CLANG_WARN_RANGE_LOOP_ANALYSIS = YES;
				CLANG_WARN_STRICT_PROTOTYPES = YES;
				CLANG_WARN_SUSPICIOUS_MOVE = YES;
				CLANG_WARN_UNGUARDED_AVAILABILITY = YES_AGGRESSIVE;
				CLANG_WARN_UNREACHABLE_CODE = YES;
				CLANG_WARN__DUPLICATE_METHOD_MATCH = YES;
				COPY_PHASE_STRIP = NO;
				DEBUG_INFORMATION_FORMAT = "dwarf-with-dsym";
				ENABLE_NS_ASSERTIONS = NO;
				ENABLE_STRICT_OBJC_MSGSEND = YES;
				GCC_C_LANGUAGE_STANDARD = gnu11;
				GCC_NO_COMMON_BLOCKS = YES;
				GCC_WARN_64_TO_32_BIT_CONVERSION = YES;
				GCC_WARN_ABOUT_RETURN_TYPE = YES_ERROR;
				GCC_WARN_UNDECLARED_SELECTOR = YES;
				GCC_WARN_UNINITIALIZED_AUTOS = YES_AGGRESSIVE;
				GCC_WARN_UNUSED_FUNCTION = YES;
				GCC_WARN_UNUSED_VARIABLE = YES;
				IPHONEOS_DEPLOYMENT_TARGET = 13.2;
				MTL_ENABLE_DEBUG_INFO = NO;
				MTL_FAST_MATH = YES;
				SDKROOT = iphoneos;
				SWIFT_COMPILATION_MODE = wholemodule;
				SWIFT_OPTIMIZATION_LEVEL = "-O";
				VALIDATE_PRODUCT = YES;
			};
			name = Release;
		};
		369A16AC23CD6B2A00C0AB15 /* Debug */ = {
			isa = XCBuildConfiguration;
			baseConfigurationReference = 7AC609F3F689CDFAD2B8B7C1 /* Pods-flex.debug.xcconfig */;
			buildSettings = {
				ASSETCATALOG_COMPILER_APPICON_NAME = AppIcon;
				CODE_SIGN_STYLE = Automatic;
				DEVELOPMENT_ASSET_PATHS = "\"flex/Preview Content\"";
				DEVELOPMENT_TEAM = 7QHGBDS383;
				ENABLE_PREVIEWS = YES;
				INFOPLIST_FILE = flex/Info.plist;
				LD_RUNPATH_SEARCH_PATHS = (
					"$(inherited)",
					"@executable_path/Frameworks",
				);
				PRODUCT_BUNDLE_IDENTIFIER = com.junbang.flex;
				PRODUCT_NAME = "$(TARGET_NAME)";
				SWIFT_VERSION = 5.0;
				TARGETED_DEVICE_FAMILY = "1,2";
			};
			name = Debug;
		};
		369A16AD23CD6B2A00C0AB15 /* Release */ = {
			isa = XCBuildConfiguration;
			baseConfigurationReference = 51C285D1B4B837560E73D702 /* Pods-flex.release.xcconfig */;
			buildSettings = {
				ASSETCATALOG_COMPILER_APPICON_NAME = AppIcon;
				CODE_SIGN_STYLE = Automatic;
				DEVELOPMENT_ASSET_PATHS = "\"flex/Preview Content\"";
				DEVELOPMENT_TEAM = 7QHGBDS383;
				ENABLE_PREVIEWS = YES;
				INFOPLIST_FILE = flex/Info.plist;
				LD_RUNPATH_SEARCH_PATHS = (
					"$(inherited)",
					"@executable_path/Frameworks",
				);
				PRODUCT_BUNDLE_IDENTIFIER = com.junbang.flex;
				PRODUCT_NAME = "$(TARGET_NAME)";
				SWIFT_VERSION = 5.0;
				TARGETED_DEVICE_FAMILY = "1,2";
			};
			name = Release;
		};
/* End XCBuildConfiguration section */

/* Begin XCConfigurationList section */
		369A168F23CD6B2500C0AB15 /* Build configuration list for PBXProject "flex" */ = {
			isa = XCConfigurationList;
			buildConfigurations = (
				369A16A923CD6B2A00C0AB15 /* Debug */,
				369A16AA23CD6B2A00C0AB15 /* Release */,
			);
			defaultConfigurationIsVisible = 0;
			defaultConfigurationName = Release;
		};
		369A16AB23CD6B2A00C0AB15 /* Build configuration list for PBXNativeTarget "flex" */ = {
			isa = XCConfigurationList;
			buildConfigurations = (
				369A16AC23CD6B2A00C0AB15 /* Debug */,
				369A16AD23CD6B2A00C0AB15 /* Release */,
			);
			defaultConfigurationIsVisible = 0;
			defaultConfigurationName = Release;
		};
/* End XCConfigurationList section */
	};
	rootObject = 369A168C23CD6B2500C0AB15 /* Project object */;
}
